PODS:
  - Charts (3.3.0):
    - Charts/Core (= 3.3.0)
  - Charts/Core (3.3.0)
  - MJRefresh (3.2.0)
  - PNChart (0.8.9):
    - UICountingLabel (~> 1.2.0)
  - TABAnimated (2.0.7)
  - UICountingLabel (1.2.0)

DEPENDENCIES:
  - Charts (~> 3.3.0)
  - MJRefresh
  - PNChart (~> 0.8.9)
  - TABAnimated

SPEC REPOS:
  https://github.com/cocoapods/specs.git:
    - Charts
    - MJRefresh
    - PNChart
    - TABAnimated
    - UICountingLabel

SPEC CHECKSUMS:
  Charts: ec1f57f9340054155691e84d4544a1d239d382c5
  MJRefresh: ed450d6eb9d3346a2cb033ab7eb6de090aeef437
  PNChart: 84774d225c2126ded6c93d4dbe6ae98c3a73c2d2
  TABAnimated: 6b7514eef96f82c2a8baa5ae62f0f06bc171d8e3
  UICountingLabel: 1db4e7d023e1762171eb226d6dff47a7a84f27aa

PODFILE CHECKSUM: c7eb2a65081c73df2f40228c2db473385795e7f3

COCOAPODS: 1.7.0
