// !$*UTF8*$!
{
	archiveVersion = 1;
	classes = {
	};
	objectVersion = 51;
	objects = {

/* Begin PBXBuildFile section */
		4D3D3B4322F01C2D00024A97 /* UIColor+Extention.m in Sources */ = {isa = PBXBuildFile; fileRef = 4D3D3B3F22F01C2D00024A97 /* UIColor+Extention.m */; };
		4D3D3B4422F01C2D00024A97 /* UIView+Frame.m in Sources */ = {isa = PBXBuildFile; fileRef = 4D3D3B4022F01C2D00024A97 /* UIView+Frame.m */; };
		4D3D3B4922F0228B00024A97 /* BaseCollectionViewCell.m in Sources */ = {isa = PBXBuildFile; fileRef = 4D3D3B4822F0228B00024A97 /* BaseCollectionViewCell.m */; };
		4D3D3B4C22F0231600024A97 /* CardCollectionViewCell.m in Sources */ = {isa = PBXBuildFile; fileRef = 4D3D3B4B22F0231600024A97 /* CardCollectionViewCell.m */; };
		4D3D3B5022F0447400024A97 /* BarCollectionViewCell.m in Sources */ = {isa = PBXBuildFile; fileRef = 4D3D3B4F22F0447400024A97 /* BarCollectionViewCell.m */; };
		4D3D3B5322F044F000024A97 /* GitProject.swift in Sources */ = {isa = PBXBuildFile; fileRef = 4D3D3B5222F044F000024A97 /* GitProject.swift */; };
		4D3D3B5622F0492F00024A97 /* PieCollectionViewCell.m in Sources */ = {isa = PBXBuildFile; fileRef = 4D3D3B5522F0492F00024A97 /* PieCollectionViewCell.m */; };
		4D3D3B5D22F049CB00024A97 /* SKUModel.m in Sources */ = {isa = PBXBuildFile; fileRef = 4D3D3B5922F049CB00024A97 /* SKUModel.m */; };
		4D3D3B6322F04CBB00024A97 /* PurchaseModel.m in Sources */ = {isa = PBXBuildFile; fileRef = 4D3D3B6122F04CBB00024A97 /* PurchaseModel.m */; };
		4D3D3B6622F04D5000024A97 /* CountTableViewCell.m in Sources */ = {isa = PBXBuildFile; fileRef = 4D3D3B6522F04D5000024A97 /* CountTableViewCell.m */; };
		4D3D3B6922F0562500024A97 /* PageCollectionView.m in Sources */ = {isa = PBXBuildFile; fileRef = 4D3D3B6822F0562500024A97 /* PageCollectionView.m */; };
		4D59082122EAABD0006E0657 /* AppDelegate.m in Sources */ = {isa = PBXBuildFile; fileRef = 4D59082022EAABD0006E0657 /* AppDelegate.m */; };
		4D59082422EAABD0006E0657 /* ViewController.m in Sources */ = {isa = PBXBuildFile; fileRef = 4D59082322EAABD0006E0657 /* ViewController.m */; };
		4D59082722EAABD0006E0657 /* Main.storyboard in Resources */ = {isa = PBXBuildFile; fileRef = 4D59082522EAABD0006E0657 /* Main.storyboard */; };
		4D59082922EAABD0006E0657 /* Assets.xcassets in Resources */ = {isa = PBXBuildFile; fileRef = 4D59082822EAABD0006E0657 /* Assets.xcassets */; };
		4D59082C22EAABD0006E0657 /* LaunchScreen.storyboard in Resources */ = {isa = PBXBuildFile; fileRef = 4D59082A22EAABD0006E0657 /* LaunchScreen.storyboard */; };
		4D59082F22EAABD0006E0657 /* main.m in Sources */ = {isa = PBXBuildFile; fileRef = 4D59082E22EAABD0006E0657 /* main.m */; };
		4D59083922EAABD0006E0657 /* GitProjectTests.m in Sources */ = {isa = PBXBuildFile; fileRef = 4D59083822EAABD0006E0657 /* GitProjectTests.m */; };
		4D59084422EAABD0006E0657 /* GitProjectUITests.m in Sources */ = {isa = PBXBuildFile; fileRef = 4D59084322EAABD0006E0657 /* GitProjectUITests.m */; };
		4D9D9CC9231CF8E000FC6E91 /* LineChartCollectionViewCell.m in Sources */ = {isa = PBXBuildFile; fileRef = 4D9D9CC8231CF8E000FC6E91 /* LineChartCollectionViewCell.m */; };
		4D9D9CCC231E3D6C00FC6E91 /* DateValueFormatter.m in Sources */ = {isa = PBXBuildFile; fileRef = 4D9D9CCB231E3D6C00FC6E91 /* DateValueFormatter.m */; };
		4D9D9CCF231E512100FC6E91 /* SymbolsValueFormatter.m in Sources */ = {isa = PBXBuildFile; fileRef = 4D9D9CCE231E512100FC6E91 /* SymbolsValueFormatter.m */; };
		4D9D9CD3231E547200FC6E91 /* BalloonMarker.swift in Sources */ = {isa = PBXBuildFile; fileRef = 4D9D9CD2231E547100FC6E91 /* BalloonMarker.swift */; };
		4D9E841722F8044F00DB3CF2 /* SKUTableViewCell.m in Sources */ = {isa = PBXBuildFile; fileRef = 4D9E841322F8044F00DB3CF2 /* SKUTableViewCell.m */; };
		4D9E841822F8044F00DB3CF2 /* SKUCollectionViewCell.m in Sources */ = {isa = PBXBuildFile; fileRef = 4D9E841422F8044F00DB3CF2 /* SKUCollectionViewCell.m */; };
		4D9E841B22F8049E00DB3CF2 /* SaleRankModel.m in Sources */ = {isa = PBXBuildFile; fileRef = 4D9E841A22F8049E00DB3CF2 /* SaleRankModel.m */; };
		4DB2B4702325F22100706281 /* CollectionViewController.m in Sources */ = {isa = PBXBuildFile; fileRef = 4DB2B46F2325F22100706281 /* CollectionViewController.m */; };
		4DB2B4732325FF5400706281 /* HeadCollectionReusableView.m in Sources */ = {isa = PBXBuildFile; fileRef = 4DB2B4722325FF5400706281 /* HeadCollectionReusableView.m */; };
		8ADD0A2A378A728F9CFFF34D /* Pods_GitProject.framework in Frameworks */ = {isa = PBXBuildFile; fileRef = 1E8546023AB273620EE0FB7F /* Pods_GitProject.framework */; };
/* End PBXBuildFile section */

/* Begin PBXContainerItemProxy section */
		4D59083522EAABD0006E0657 /* PBXContainerItemProxy */ = {
			isa = PBXContainerItemProxy;
			containerPortal = 4D59081422EAABD0006E0657 /* Project object */;
			proxyType = 1;
			remoteGlobalIDString = 4D59081B22EAABD0006E0657;
			remoteInfo = GitProject;
		};
		4D59084022EAABD0006E0657 /* PBXContainerItemProxy */ = {
			isa = PBXContainerItemProxy;
			containerPortal = 4D59081422EAABD0006E0657 /* Project object */;
			proxyType = 1;
			remoteGlobalIDString = 4D59081B22EAABD0006E0657;
			remoteInfo = GitProject;
		};
/* End PBXContainerItemProxy section */

/* Begin PBXFileReference section */
		1E8546023AB273620EE0FB7F /* Pods_GitProject.framework */ = {isa = PBXFileReference; explicitFileType = wrapper.framework; includeInIndex = 0; path = Pods_GitProject.framework; sourceTree = BUILT_PRODUCTS_DIR; };
		4D3D3B3F22F01C2D00024A97 /* UIColor+Extention.m */ = {isa = PBXFileReference; fileEncoding = 4; lastKnownFileType = sourcecode.c.objc; path = "UIColor+Extention.m"; sourceTree = "<group>"; };
		4D3D3B4022F01C2D00024A97 /* UIView+Frame.m */ = {isa = PBXFileReference; fileEncoding = 4; lastKnownFileType = sourcecode.c.objc; path = "UIView+Frame.m"; sourceTree = "<group>"; };
		4D3D3B4122F01C2D00024A97 /* UIView+Frame.h */ = {isa = PBXFileReference; fileEncoding = 4; lastKnownFileType = sourcecode.c.h; path = "UIView+Frame.h"; sourceTree = "<group>"; };
		4D3D3B4222F01C2D00024A97 /* UIColor+Extention.h */ = {isa = PBXFileReference; fileEncoding = 4; lastKnownFileType = sourcecode.c.h; path = "UIColor+Extention.h"; sourceTree = "<group>"; };
		4D3D3B4522F01C6600024A97 /* GitProject.pch */ = {isa = PBXFileReference; lastKnownFileType = sourcecode.c.h; path = GitProject.pch; sourceTree = "<group>"; };
		4D3D3B4722F0228B00024A97 /* BaseCollectionViewCell.h */ = {isa = PBXFileReference; lastKnownFileType = sourcecode.c.h; path = BaseCollectionViewCell.h; sourceTree = "<group>"; };
		4D3D3B4822F0228B00024A97 /* BaseCollectionViewCell.m */ = {isa = PBXFileReference; lastKnownFileType = sourcecode.c.objc; path = BaseCollectionViewCell.m; sourceTree = "<group>"; };
		4D3D3B4A22F0231600024A97 /* CardCollectionViewCell.h */ = {isa = PBXFileReference; lastKnownFileType = sourcecode.c.h; path = CardCollectionViewCell.h; sourceTree = "<group>"; };
		4D3D3B4B22F0231600024A97 /* CardCollectionViewCell.m */ = {isa = PBXFileReference; lastKnownFileType = sourcecode.c.objc; path = CardCollectionViewCell.m; sourceTree = "<group>"; };
		4D3D3B4D22F0236700024A97 /* GitProject.h */ = {isa = PBXFileReference; lastKnownFileType = sourcecode.c.h; path = GitProject.h; sourceTree = "<group>"; };
		4D3D3B4E22F0447400024A97 /* BarCollectionViewCell.h */ = {isa = PBXFileReference; lastKnownFileType = sourcecode.c.h; path = BarCollectionViewCell.h; sourceTree = "<group>"; };
		4D3D3B4F22F0447400024A97 /* BarCollectionViewCell.m */ = {isa = PBXFileReference; lastKnownFileType = sourcecode.c.objc; path = BarCollectionViewCell.m; sourceTree = "<group>"; };
		4D3D3B5122F044F000024A97 /* GitProject-Bridging-Header.h */ = {isa = PBXFileReference; lastKnownFileType = sourcecode.c.h; path = "GitProject-Bridging-Header.h"; sourceTree = "<group>"; };
		4D3D3B5222F044F000024A97 /* GitProject.swift */ = {isa = PBXFileReference; lastKnownFileType = sourcecode.swift; path = GitProject.swift; sourceTree = "<group>"; };
		4D3D3B5422F0492F00024A97 /* PieCollectionViewCell.h */ = {isa = PBXFileReference; lastKnownFileType = sourcecode.c.h; path = PieCollectionViewCell.h; sourceTree = "<group>"; };
		4D3D3B5522F0492F00024A97 /* PieCollectionViewCell.m */ = {isa = PBXFileReference; lastKnownFileType = sourcecode.c.objc; path = PieCollectionViewCell.m; sourceTree = "<group>"; };
		4D3D3B5922F049CB00024A97 /* SKUModel.m */ = {isa = PBXFileReference; fileEncoding = 4; lastKnownFileType = sourcecode.c.objc; path = SKUModel.m; sourceTree = "<group>"; };
		4D3D3B5A22F049CB00024A97 /* SKUModel.h */ = {isa = PBXFileReference; fileEncoding = 4; lastKnownFileType = sourcecode.c.h; path = SKUModel.h; sourceTree = "<group>"; };
		4D3D3B6122F04CBB00024A97 /* PurchaseModel.m */ = {isa = PBXFileReference; fileEncoding = 4; lastKnownFileType = sourcecode.c.objc; path = PurchaseModel.m; sourceTree = "<group>"; };
		4D3D3B6222F04CBB00024A97 /* PurchaseModel.h */ = {isa = PBXFileReference; fileEncoding = 4; lastKnownFileType = sourcecode.c.h; path = PurchaseModel.h; sourceTree = "<group>"; };
		4D3D3B6422F04D5000024A97 /* CountTableViewCell.h */ = {isa = PBXFileReference; fileEncoding = 4; lastKnownFileType = sourcecode.c.h; path = CountTableViewCell.h; sourceTree = "<group>"; };
		4D3D3B6522F04D5000024A97 /* CountTableViewCell.m */ = {isa = PBXFileReference; fileEncoding = 4; lastKnownFileType = sourcecode.c.objc; path = CountTableViewCell.m; sourceTree = "<group>"; };
		4D3D3B6722F0562500024A97 /* PageCollectionView.h */ = {isa = PBXFileReference; fileEncoding = 4; lastKnownFileType = sourcecode.c.h; path = PageCollectionView.h; sourceTree = "<group>"; };
		4D3D3B6822F0562500024A97 /* PageCollectionView.m */ = {isa = PBXFileReference; fileEncoding = 4; lastKnownFileType = sourcecode.c.objc; path = PageCollectionView.m; sourceTree = "<group>"; };
		4D59081C22EAABD0006E0657 /* GitProject.app */ = {isa = PBXFileReference; explicitFileType = wrapper.application; includeInIndex = 0; path = GitProject.app; sourceTree = BUILT_PRODUCTS_DIR; };
		4D59081F22EAABD0006E0657 /* AppDelegate.h */ = {isa = PBXFileReference; lastKnownFileType = sourcecode.c.h; path = AppDelegate.h; sourceTree = "<group>"; };
		4D59082022EAABD0006E0657 /* AppDelegate.m */ = {isa = PBXFileReference; lastKnownFileType = sourcecode.c.objc; path = AppDelegate.m; sourceTree = "<group>"; };
		4D59082222EAABD0006E0657 /* ViewController.h */ = {isa = PBXFileReference; lastKnownFileType = sourcecode.c.h; path = ViewController.h; sourceTree = "<group>"; };
		4D59082322EAABD0006E0657 /* ViewController.m */ = {isa = PBXFileReference; lastKnownFileType = sourcecode.c.objc; path = ViewController.m; sourceTree = "<group>"; };
		4D59082622EAABD0006E0657 /* Base */ = {isa = PBXFileReference; lastKnownFileType = file.storyboard; name = Base; path = Base.lproj/Main.storyboard; sourceTree = "<group>"; };
		4D59082822EAABD0006E0657 /* Assets.xcassets */ = {isa = PBXFileReference; lastKnownFileType = folder.assetcatalog; path = Assets.xcassets; sourceTree = "<group>"; };
		4D59082B22EAABD0006E0657 /* Base */ = {isa = PBXFileReference; lastKnownFileType = file.storyboard; name = Base; path = Base.lproj/LaunchScreen.storyboard; sourceTree = "<group>"; };
		4D59082D22EAABD0006E0657 /* Info.plist */ = {isa = PBXFileReference; lastKnownFileType = text.plist.xml; path = Info.plist; sourceTree = "<group>"; };
		4D59082E22EAABD0006E0657 /* main.m */ = {isa = PBXFileReference; lastKnownFileType = sourcecode.c.objc; path = main.m; sourceTree = "<group>"; };
		4D59083422EAABD0006E0657 /* GitProjectTests.xctest */ = {isa = PBXFileReference; explicitFileType = wrapper.cfbundle; includeInIndex = 0; path = GitProjectTests.xctest; sourceTree = BUILT_PRODUCTS_DIR; };
		4D59083822EAABD0006E0657 /* GitProjectTests.m */ = {isa = PBXFileReference; lastKnownFileType = sourcecode.c.objc; path = GitProjectTests.m; sourceTree = "<group>"; };
		4D59083A22EAABD0006E0657 /* Info.plist */ = {isa = PBXFileReference; lastKnownFileType = text.plist.xml; path = Info.plist; sourceTree = "<group>"; };
		4D59083F22EAABD0006E0657 /* GitProjectUITests.xctest */ = {isa = PBXFileReference; explicitFileType = wrapper.cfbundle; includeInIndex = 0; path = GitProjectUITests.xctest; sourceTree = BUILT_PRODUCTS_DIR; };
		4D59084322EAABD0006E0657 /* GitProjectUITests.m */ = {isa = PBXFileReference; lastKnownFileType = sourcecode.c.objc; path = GitProjectUITests.m; sourceTree = "<group>"; };
		4D59084522EAABD0006E0657 /* Info.plist */ = {isa = PBXFileReference; lastKnownFileType = text.plist.xml; path = Info.plist; sourceTree = "<group>"; };
		4D9D9CC7231CF8E000FC6E91 /* LineChartCollectionViewCell.h */ = {isa = PBXFileReference; lastKnownFileType = sourcecode.c.h; path = LineChartCollectionViewCell.h; sourceTree = "<group>"; };
		4D9D9CC8231CF8E000FC6E91 /* LineChartCollectionViewCell.m */ = {isa = PBXFileReference; lastKnownFileType = sourcecode.c.objc; path = LineChartCollectionViewCell.m; sourceTree = "<group>"; };
		4D9D9CCA231E3D6C00FC6E91 /* DateValueFormatter.h */ = {isa = PBXFileReference; lastKnownFileType = sourcecode.c.h; path = DateValueFormatter.h; sourceTree = "<group>"; };
		4D9D9CCB231E3D6C00FC6E91 /* DateValueFormatter.m */ = {isa = PBXFileReference; lastKnownFileType = sourcecode.c.objc; path = DateValueFormatter.m; sourceTree = "<group>"; };
		4D9D9CCD231E512100FC6E91 /* SymbolsValueFormatter.h */ = {isa = PBXFileReference; lastKnownFileType = sourcecode.c.h; path = SymbolsValueFormatter.h; sourceTree = "<group>"; };
		4D9D9CCE231E512100FC6E91 /* SymbolsValueFormatter.m */ = {isa = PBXFileReference; lastKnownFileType = sourcecode.c.objc; path = SymbolsValueFormatter.m; sourceTree = "<group>"; };
		4D9D9CD2231E547100FC6E91 /* BalloonMarker.swift */ = {isa = PBXFileReference; fileEncoding = 4; lastKnownFileType = sourcecode.swift; path = BalloonMarker.swift; sourceTree = "<group>"; };
		4D9E841322F8044F00DB3CF2 /* SKUTableViewCell.m */ = {isa = PBXFileReference; fileEncoding = 4; lastKnownFileType = sourcecode.c.objc; path = SKUTableViewCell.m; sourceTree = "<group>"; };
		4D9E841422F8044F00DB3CF2 /* SKUCollectionViewCell.m */ = {isa = PBXFileReference; fileEncoding = 4; lastKnownFileType = sourcecode.c.objc; path = SKUCollectionViewCell.m; sourceTree = "<group>"; };
		4D9E841522F8044F00DB3CF2 /* SKUTableViewCell.h */ = {isa = PBXFileReference; fileEncoding = 4; lastKnownFileType = sourcecode.c.h; path = SKUTableViewCell.h; sourceTree = "<group>"; };
		4D9E841622F8044F00DB3CF2 /* SKUCollectionViewCell.h */ = {isa = PBXFileReference; fileEncoding = 4; lastKnownFileType = sourcecode.c.h; path = SKUCollectionViewCell.h; sourceTree = "<group>"; };
		4D9E841922F8049E00DB3CF2 /* SaleRankModel.h */ = {isa = PBXFileReference; fileEncoding = 4; lastKnownFileType = sourcecode.c.h; path = SaleRankModel.h; sourceTree = "<group>"; };
		4D9E841A22F8049E00DB3CF2 /* SaleRankModel.m */ = {isa = PBXFileReference; fileEncoding = 4; lastKnownFileType = sourcecode.c.objc; path = SaleRankModel.m; sourceTree = "<group>"; };
		4DB2B46E2325F22100706281 /* CollectionViewController.h */ = {isa = PBXFileReference; lastKnownFileType = sourcecode.c.h; path = CollectionViewController.h; sourceTree = "<group>"; };
		4DB2B46F2325F22100706281 /* CollectionViewController.m */ = {isa = PBXFileReference; lastKnownFileType = sourcecode.c.objc; path = CollectionViewController.m; sourceTree = "<group>"; };
		4DB2B4712325FF5400706281 /* HeadCollectionReusableView.h */ = {isa = PBXFileReference; lastKnownFileType = sourcecode.c.h; path = HeadCollectionReusableView.h; sourceTree = "<group>"; };
		4DB2B4722325FF5400706281 /* HeadCollectionReusableView.m */ = {isa = PBXFileReference; lastKnownFileType = sourcecode.c.objc; path = HeadCollectionReusableView.m; sourceTree = "<group>"; };
		E21022F6CE25365DCCE4E602 /* Pods-GitProject.debug.xcconfig */ = {isa = PBXFileReference; includeInIndex = 1; lastKnownFileType = text.xcconfig; name = "Pods-GitProject.debug.xcconfig"; path = "Target Support Files/Pods-GitProject/Pods-GitProject.debug.xcconfig"; sourceTree = "<group>"; };
		FD80FA25C33DC6B5A33F6AE0 /* Pods-GitProject.release.xcconfig */ = {isa = PBXFileReference; includeInIndex = 1; lastKnownFileType = text.xcconfig; name = "Pods-GitProject.release.xcconfig"; path = "Target Support Files/Pods-GitProject/Pods-GitProject.release.xcconfig"; sourceTree = "<group>"; };
/* End PBXFileReference section */

/* Begin PBXFrameworksBuildPhase section */
		4D59081922EAABD0006E0657 /* Frameworks */ = {
			isa = PBXFrameworksBuildPhase;
			buildActionMask = 2147483647;
			files = (
				8ADD0A2A378A728F9CFFF34D /* Pods_GitProject.framework in Frameworks */,
			);
			runOnlyForDeploymentPostprocessing = 0;
		};
		4D59083122EAABD0006E0657 /* Frameworks */ = {
			isa = PBXFrameworksBuildPhase;
			buildActionMask = 2147483647;
			files = (
			);
			runOnlyForDeploymentPostprocessing = 0;
		};
		4D59083C22EAABD0006E0657 /* Frameworks */ = {
			isa = PBXFrameworksBuildPhase;
			buildActionMask = 2147483647;
			files = (
			);
			runOnlyForDeploymentPostprocessing = 0;
		};
/* End PBXFrameworksBuildPhase section */

/* Begin PBXGroup section */
		4D3D3B4622F0226B00024A97 /* View */ = {
			isa = PBXGroup;
			children = (
				4D9D9CD2231E547100FC6E91 /* BalloonMarker.swift */,
				4D3D3B4722F0228B00024A97 /* BaseCollectionViewCell.h */,
				4D3D3B4822F0228B00024A97 /* BaseCollectionViewCell.m */,
				4D3D3B4A22F0231600024A97 /* CardCollectionViewCell.h */,
				4D3D3B4B22F0231600024A97 /* CardCollectionViewCell.m */,
				4D3D3B4E22F0447400024A97 /* BarCollectionViewCell.h */,
				4D3D3B4F22F0447400024A97 /* BarCollectionViewCell.m */,
				4D3D3B5422F0492F00024A97 /* PieCollectionViewCell.h */,
				4D3D3B5522F0492F00024A97 /* PieCollectionViewCell.m */,
				4D9E841622F8044F00DB3CF2 /* SKUCollectionViewCell.h */,
				4D9E841422F8044F00DB3CF2 /* SKUCollectionViewCell.m */,
				4D9D9CC7231CF8E000FC6E91 /* LineChartCollectionViewCell.h */,
				4D9D9CC8231CF8E000FC6E91 /* LineChartCollectionViewCell.m */,
				4D3D3B6422F04D5000024A97 /* CountTableViewCell.h */,
				4D3D3B6522F04D5000024A97 /* CountTableViewCell.m */,
				4D9E841522F8044F00DB3CF2 /* SKUTableViewCell.h */,
				4D9E841322F8044F00DB3CF2 /* SKUTableViewCell.m */,
				4D3D3B6722F0562500024A97 /* PageCollectionView.h */,
				4D3D3B6822F0562500024A97 /* PageCollectionView.m */,
				4DB2B4712325FF5400706281 /* HeadCollectionReusableView.h */,
				4DB2B4722325FF5400706281 /* HeadCollectionReusableView.m */,
			);
			path = View;
			sourceTree = "<group>";
		};
		4D3D3B5722F049B900024A97 /* Model */ = {
			isa = PBXGroup;
			children = (
				4D9E841922F8049E00DB3CF2 /* SaleRankModel.h */,
				4D9E841A22F8049E00DB3CF2 /* SaleRankModel.m */,
				4D3D3B6222F04CBB00024A97 /* PurchaseModel.h */,
				4D3D3B6122F04CBB00024A97 /* PurchaseModel.m */,
				4D3D3B5A22F049CB00024A97 /* SKUModel.h */,
				4D3D3B5922F049CB00024A97 /* SKUModel.m */,
				4D9D9CCA231E3D6C00FC6E91 /* DateValueFormatter.h */,
				4D9D9CCB231E3D6C00FC6E91 /* DateValueFormatter.m */,
				4D9D9CCD231E512100FC6E91 /* SymbolsValueFormatter.h */,
				4D9D9CCE231E512100FC6E91 /* SymbolsValueFormatter.m */,
			);
			path = Model;
			sourceTree = "<group>";
		};
		4D59081322EAABD0006E0657 = {
			isa = PBXGroup;
			children = (
				4D59081E22EAABD0006E0657 /* GitProject */,
				4D59083722EAABD0006E0657 /* GitProjectTests */,
				4D59084222EAABD0006E0657 /* GitProjectUITests */,
				4D59081D22EAABD0006E0657 /* Products */,
				F81E687D44BAE61AA896A0FE /* Pods */,
				6062EEDE4AA950FFEAA1B6D9 /* Frameworks */,
			);
			sourceTree = "<group>";
		};
		4D59081D22EAABD0006E0657 /* Products */ = {
			isa = PBXGroup;
			children = (
				4D59081C22EAABD0006E0657 /* GitProject.app */,
				4D59083422EAABD0006E0657 /* GitProjectTests.xctest */,
				4D59083F22EAABD0006E0657 /* GitProjectUITests.xctest */,
			);
			name = Products;
			sourceTree = "<group>";
		};
		4D59081E22EAABD0006E0657 /* GitProject */ = {
			isa = PBXGroup;
			children = (
				4D3D3B5722F049B900024A97 /* Model */,
				4D3D3B4622F0226B00024A97 /* View */,
				4D59081F22EAABD0006E0657 /* AppDelegate.h */,
				4D59082022EAABD0006E0657 /* AppDelegate.m */,
				4D59082222EAABD0006E0657 /* ViewController.h */,
				4D59082322EAABD0006E0657 /* ViewController.m */,
				4DB2B46E2325F22100706281 /* CollectionViewController.h */,
				4DB2B46F2325F22100706281 /* CollectionViewController.m */,
				4D3D3B4222F01C2D00024A97 /* UIColor+Extention.h */,
				4D3D3B3F22F01C2D00024A97 /* UIColor+Extention.m */,
				4D3D3B4122F01C2D00024A97 /* UIView+Frame.h */,
				4D3D3B4022F01C2D00024A97 /* UIView+Frame.m */,
				4D59082522EAABD0006E0657 /* Main.storyboard */,
				4D59082822EAABD0006E0657 /* Assets.xcassets */,
				4D59082A22EAABD0006E0657 /* LaunchScreen.storyboard */,
				4D59082D22EAABD0006E0657 /* Info.plist */,
				4D59082E22EAABD0006E0657 /* main.m */,
				4D3D3B4522F01C6600024A97 /* GitProject.pch */,
				4D3D3B4D22F0236700024A97 /* GitProject.h */,
				4D3D3B5222F044F000024A97 /* GitProject.swift */,
				4D3D3B5122F044F000024A97 /* GitProject-Bridging-Header.h */,
			);
			path = GitProject;
			sourceTree = "<group>";
		};
		4D59083722EAABD0006E0657 /* GitProjectTests */ = {
			isa = PBXGroup;
			children = (
				4D59083822EAABD0006E0657 /* GitProjectTests.m */,
				4D59083A22EAABD0006E0657 /* Info.plist */,
			);
			path = GitProjectTests;
			sourceTree = "<group>";
		};
		4D59084222EAABD0006E0657 /* GitProjectUITests */ = {
			isa = PBXGroup;
			children = (
				4D59084322EAABD0006E0657 /* GitProjectUITests.m */,
				4D59084522EAABD0006E0657 /* Info.plist */,
			);
			path = GitProjectUITests;
			sourceTree = "<group>";
		};
		6062EEDE4AA950FFEAA1B6D9 /* Frameworks */ = {
			isa = PBXGroup;
			children = (
				1E8546023AB273620EE0FB7F /* Pods_GitProject.framework */,
			);
			name = Frameworks;
			sourceTree = "<group>";
		};
		F81E687D44BAE61AA896A0FE /* Pods */ = {
			isa = PBXGroup;
			children = (
				E21022F6CE25365DCCE4E602 /* Pods-GitProject.debug.xcconfig */,
				FD80FA25C33DC6B5A33F6AE0 /* Pods-GitProject.release.xcconfig */,
			);
			path = Pods;
			sourceTree = "<group>";
		};
/* End PBXGroup section */

/* Begin PBXNativeTarget section */
		4D59081B22EAABD0006E0657 /* GitProject */ = {
			isa = PBXNativeTarget;
			buildConfigurationList = 4D59084822EAABD0006E0657 /* Build configuration list for PBXNativeTarget "GitProject" */;
			buildPhases = (
				020943F3A96906024B250892 /* [CP] Check Pods Manifest.lock */,
				4D59081822EAABD0006E0657 /* Sources */,
				4D59081922EAABD0006E0657 /* Frameworks */,
				4D59081A22EAABD0006E0657 /* Resources */,
				8C94B93B50457E8E504BA14D /* [CP] Embed Pods Frameworks */,
			);
			buildRules = (
			);
			dependencies = (
			);
			name = GitProject;
			productName = GitProject;
			productReference = 4D59081C22EAABD0006E0657 /* GitProject.app */;
			productType = "com.apple.product-type.application";
		};
		4D59083322EAABD0006E0657 /* GitProjectTests */ = {
			isa = PBXNativeTarget;
			buildConfigurationList = 4D59084B22EAABD0006E0657 /* Build configuration list for PBXNativeTarget "GitProjectTests" */;
			buildPhases = (
				4D59083022EAABD0006E0657 /* Sources */,
				4D59083122EAABD0006E0657 /* Frameworks */,
				4D59083222EAABD0006E0657 /* Resources */,
			);
			buildRules = (
			);
			dependencies = (
				4D59083622EAABD0006E0657 /* PBXTargetDependency */,
			);
			name = GitProjectTests;
			productName = GitProjectTests;
			productReference = 4D59083422EAABD0006E0657 /* GitProjectTests.xctest */;
			productType = "com.apple.product-type.bundle.unit-test";
		};
		4D59083E22EAABD0006E0657 /* GitProjectUITests */ = {
			isa = PBXNativeTarget;
			buildConfigurationList = 4D59084E22EAABD0006E0657 /* Build configuration list for PBXNativeTarget "GitProjectUITests" */;
			buildPhases = (
				4D59083B22EAABD0006E0657 /* Sources */,
				4D59083C22EAABD0006E0657 /* Frameworks */,
				4D59083D22EAABD0006E0657 /* Resources */,
			);
			buildRules = (
			);
			dependencies = (
				4D59084122EAABD0006E0657 /* PBXTargetDependency */,
			);
			name = GitProjectUITests;
			productName = GitProjectUITests;
			productReference = 4D59083F22EAABD0006E0657 /* GitProjectUITests.xctest */;
			productType = "com.apple.product-type.bundle.ui-testing";
		};
/* End PBXNativeTarget section */

/* Begin PBXProject section */
		4D59081422EAABD0006E0657 /* Project object */ = {
			isa = PBXProject;
			attributes = {
				DefaultBuildSystemTypeForWorkspace = Original;
				LastUpgradeCheck = 1110;
				ORGANIZATIONNAME = mark;
				TargetAttributes = {
					4D59081B22EAABD0006E0657 = {
						CreatedOnToolsVersion = 10.3;
						LastSwiftMigration = 1030;
					};
					4D59083322EAABD0006E0657 = {
						CreatedOnToolsVersion = 10.3;
						TestTargetID = 4D59081B22EAABD0006E0657;
					};
					4D59083E22EAABD0006E0657 = {
						CreatedOnToolsVersion = 10.3;
						TestTargetID = 4D59081B22EAABD0006E0657;
					};
				};
			};
			buildConfigurationList = 4D59081722EAABD0006E0657 /* Build configuration list for PBXProject "GitProject" */;
			compatibilityVersion = "Xcode 9.3";
			developmentRegion = en;
			hasScannedForEncodings = 0;
			knownRegions = (
				en,
				Base,
			);
			mainGroup = 4D59081322EAABD0006E0657;
			productRefGroup = 4D59081D22EAABD0006E0657 /* Products */;
			projectDirPath = "";
			projectRoot = "";
			targets = (
				4D59081B22EAABD0006E0657 /* GitProject */,
				4D59083322EAABD0006E0657 /* GitProjectTests */,
				4D59083E22EAABD0006E0657 /* GitProjectUITests */,
			);
		};
/* End PBXProject section */

/* Begin PBXResourcesBuildPhase section */
		4D59081A22EAABD0006E0657 /* Resources */ = {
			isa = PBXResourcesBuildPhase;
			buildActionMask = 2147483647;
			files = (
				4D59082C22EAABD0006E0657 /* LaunchScreen.storyboard in Resources */,
				4D59082922EAABD0006E0657 /* Assets.xcassets in Resources */,
				4D59082722EAABD0006E0657 /* Main.storyboard in Resources */,
			);
			runOnlyForDeploymentPostprocessing = 0;
		};
		4D59083222EAABD0006E0657 /* Resources */ = {
			isa = PBXResourcesBuildPhase;
			buildActionMask = 2147483647;
			files = (
			);
			runOnlyForDeploymentPostprocessing = 0;
		};
		4D59083D22EAABD0006E0657 /* Resources */ = {
			isa = PBXResourcesBuildPhase;
			buildActionMask = 2147483647;
			files = (
			);
			runOnlyForDeploymentPostprocessing = 0;
		};
/* End PBXResourcesBuildPhase section */

/* Begin PBXShellScriptBuildPhase section */
		020943F3A96906024B250892 /* [CP] Check Pods Manifest.lock */ = {
			isa = PBXShellScriptBuildPhase;
			buildActionMask = 2147483647;
			files = (
			);
			inputFileListPaths = (
			);
			inputPaths = (
				"${PODS_PODFILE_DIR_PATH}/Podfile.lock",
				"${PODS_ROOT}/Manifest.lock",
			);
			name = "[CP] Check Pods Manifest.lock";
			outputFileListPaths = (
			);
			outputPaths = (
				"$(DERIVED_FILE_DIR)/Pods-GitProject-checkManifestLockResult.txt",
			);
			runOnlyForDeploymentPostprocessing = 0;
			shellPath = /bin/sh;
			shellScript = "diff \"${PODS_PODFILE_DIR_PATH}/Podfile.lock\" \"${PODS_ROOT}/Manifest.lock\" > /dev/null\nif [ $? != 0 ] ; then\n    # print error to STDERR\n    echo \"error: The sandbox is not in sync with the Podfile.lock. Run 'pod install' or update your CocoaPods installation.\" >&2\n    exit 1\nfi\n# This output is used by Xcode 'outputs' to avoid re-running this script phase.\necho \"SUCCESS\" > \"${SCRIPT_OUTPUT_FILE_0}\"\n";
			showEnvVarsInLog = 0;
		};
		8C94B93B50457E8E504BA14D /* [CP] Embed Pods Frameworks */ = {
			isa = PBXShellScriptBuildPhase;
			buildActionMask = 2147483647;
			files = (
			);
			inputFileListPaths = (
				"${PODS_ROOT}/Target Support Files/Pods-GitProject/Pods-GitProject-frameworks-${CONFIGURATION}-input-files.xcfilelist",
			);
			name = "[CP] Embed Pods Frameworks";
			outputFileListPaths = (
				"${PODS_ROOT}/Target Support Files/Pods-GitProject/Pods-GitProject-frameworks-${CONFIGURATION}-output-files.xcfilelist",
			);
			runOnlyForDeploymentPostprocessing = 0;
			shellPath = /bin/sh;
			shellScript = "\"${PODS_ROOT}/Target Support Files/Pods-GitProject/Pods-GitProject-frameworks.sh\"\n";
			showEnvVarsInLog = 0;
		};
/* End PBXShellScriptBuildPhase section */

/* Begin PBXSourcesBuildPhase section */
		4D59081822EAABD0006E0657 /* Sources */ = {
			isa = PBXSourcesBuildPhase;
			buildActionMask = 2147483647;
			files = (
				4D9D9CCF231E512100FC6E91 /* SymbolsValueFormatter.m in Sources */,
				4D3D3B4322F01C2D00024A97 /* UIColor+Extention.m in Sources */,
				4D3D3B4922F0228B00024A97 /* BaseCollectionViewCell.m in Sources */,
				4D3D3B6322F04CBB00024A97 /* PurchaseModel.m in Sources */,
				4D59082422EAABD0006E0657 /* ViewController.m in Sources */,
				4D59082F22EAABD0006E0657 /* main.m in Sources */,
				4D9D9CD3231E547200FC6E91 /* BalloonMarker.swift in Sources */,
				4D3D3B6922F0562500024A97 /* PageCollectionView.m in Sources */,
				4D3D3B6622F04D5000024A97 /* CountTableViewCell.m in Sources */,
				4D9D9CCC231E3D6C00FC6E91 /* DateValueFormatter.m in Sources */,
				4D9D9CC9231CF8E000FC6E91 /* LineChartCollectionViewCell.m in Sources */,
				4D9E841B22F8049E00DB3CF2 /* SaleRankModel.m in Sources */,
				4D3D3B4422F01C2D00024A97 /* UIView+Frame.m in Sources */,
				4D3D3B5322F044F000024A97 /* GitProject.swift in Sources */,
				4D3D3B4C22F0231600024A97 /* CardCollectionViewCell.m in Sources */,
				4DB2B4732325FF5400706281 /* HeadCollectionReusableView.m in Sources */,
				4D3D3B5022F0447400024A97 /* BarCollectionViewCell.m in Sources */,
				4D3D3B5D22F049CB00024A97 /* SKUModel.m in Sources */,
				4D9E841822F8044F00DB3CF2 /* SKUCollectionViewCell.m in Sources */,
				4D9E841722F8044F00DB3CF2 /* SKUTableViewCell.m in Sources */,
				4D59082122EAABD0006E0657 /* AppDelegate.m in Sources */,
				4DB2B4702325F22100706281 /* CollectionViewController.m in Sources */,
				4D3D3B5622F0492F00024A97 /* PieCollectionViewCell.m in Sources */,
			);
			runOnlyForDeploymentPostprocessing = 0;
		};
		4D59083022EAABD0006E0657 /* Sources */ = {
			isa = PBXSourcesBuildPhase;
			buildActionMask = 2147483647;
			files = (
				4D59083922EAABD0006E0657 /* GitProjectTests.m in Sources */,
			);
			runOnlyForDeploymentPostprocessing = 0;
		};
		4D59083B22EAABD0006E0657 /* Sources */ = {
			isa = PBXSourcesBuildPhase;
			buildActionMask = 2147483647;
			files = (
				4D59084422EAABD0006E0657 /* GitProjectUITests.m in Sources */,
			);
			runOnlyForDeploymentPostprocessing = 0;
		};
/* End PBXSourcesBuildPhase section */

/* Begin PBXTargetDependency section */
		4D59083622EAABD0006E0657 /* PBXTargetDependency */ = {
			isa = PBXTargetDependency;
			target = 4D59081B22EAABD0006E0657 /* GitProject */;
			targetProxy = 4D59083522EAABD0006E0657 /* PBXContainerItemProxy */;
		};
		4D59084122EAABD0006E0657 /* PBXTargetDependency */ = {
			isa = PBXTargetDependency;
			target = 4D59081B22EAABD0006E0657 /* GitProject */;
			targetProxy = 4D59084022EAABD0006E0657 /* PBXContainerItemProxy */;
		};
/* End PBXTargetDependency section */

/* Begin PBXVariantGroup section */
		4D59082522EAABD0006E0657 /* Main.storyboard */ = {
			isa = PBXVariantGroup;
			children = (
				4D59082622EAABD0006E0657 /* Base */,
			);
			name = Main.storyboard;
			sourceTree = "<group>";
		};
		4D59082A22EAABD0006E0657 /* LaunchScreen.storyboard */ = {
			isa = PBXVariantGroup;
			children = (
				4D59082B22EAABD0006E0657 /* Base */,
			);
			name = LaunchScreen.storyboard;
			sourceTree = "<group>";
		};
/* End PBXVariantGroup section */

/* Begin XCBuildConfiguration section */
		4D59084622EAABD0006E0657 /* Debug */ = {
			isa = XCBuildConfiguration;
			buildSettings = {
				ALWAYS_SEARCH_USER_PATHS = NO;
				CLANG_ANALYZER_NONNULL = YES;
				CLANG_ANALYZER_NUMBER_OBJECT_CONVERSION = YES_AGGRESSIVE;
				CLANG_CXX_LANGUAGE_STANDARD = "gnu++14";
				CLANG_CXX_LIBRARY = "libc++";
				CLANG_ENABLE_MODULES = YES;
				CLANG_ENABLE_OBJC_ARC = YES;
				CLANG_ENABLE_OBJC_WEAK = YES;
				CLANG_WARN_BLOCK_CAPTURE_AUTORELEASING = YES;
				CLANG_WARN_BOOL_CONVERSION = YES;
				CLANG_WARN_COMMA = YES;
				CLANG_WARN_CONSTANT_CONVERSION = YES;
				CLANG_WARN_DEPRECATED_OBJC_IMPLEMENTATIONS = YES;
				CLANG_WARN_DIRECT_OBJC_ISA_USAGE = YES_ERROR;
				CLANG_WARN_DOCUMENTATION_COMMENTS = YES;
				CLANG_WARN_EMPTY_BODY = YES;
				CLANG_WARN_ENUM_CONVERSION = YES;
				CLANG_WARN_INFINITE_RECURSION = YES;
				CLANG_WARN_INT_CONVERSION = YES;
				CLANG_WARN_NON_LITERAL_NULL_CONVERSION = YES;
				CLANG_WARN_OBJC_IMPLICIT_RETAIN_SELF = YES;
				CLANG_WARN_OBJC_LITERAL_CONVERSION = YES;
				CLANG_WARN_OBJC_ROOT_CLASS = YES_ERROR;
				CLANG_WARN_RANGE_LOOP_ANALYSIS = YES;
				CLANG_WARN_STRICT_PROTOTYPES = YES;
				CLANG_WARN_SUSPICIOUS_MOVE = YES;
				CLANG_WARN_UNGUARDED_AVAILABILITY = YES_AGGRESSIVE;
				CLANG_WARN_UNREACHABLE_CODE = YES;
				CLANG_WARN__DUPLICATE_METHOD_MATCH = YES;
				CODE_SIGN_IDENTITY = "iPhone Developer";
				COPY_PHASE_STRIP = NO;
				DEBUG_INFORMATION_FORMAT = dwarf;
				ENABLE_STRICT_OBJC_MSGSEND = YES;
				ENABLE_TESTABILITY = YES;
				GCC_C_LANGUAGE_STANDARD = gnu11;
				GCC_DYNAMIC_NO_PIC = NO;
				GCC_NO_COMMON_BLOCKS = YES;
				GCC_OPTIMIZATION_LEVEL = 0;
				GCC_PREPROCESSOR_DEFINITIONS = (
					"DEBUG=1",
					"$(inherited)",
				);
				GCC_WARN_64_TO_32_BIT_CONVERSION = YES;
				GCC_WARN_ABOUT_RETURN_TYPE = YES_ERROR;
				GCC_WARN_UNDECLARED_SELECTOR = YES;
				GCC_WARN_UNINITIALIZED_AUTOS = YES_AGGRESSIVE;
				GCC_WARN_UNUSED_FUNCTION = YES;
				GCC_WARN_UNUSED_VARIABLE = YES;
				IPHONEOS_DEPLOYMENT_TARGET = 12.4;
				MTL_ENABLE_DEBUG_INFO = INCLUDE_SOURCE;
				MTL_FAST_MATH = YES;
				ONLY_ACTIVE_ARCH = YES;
				SDKROOT = iphoneos;
			};
			name = Debug;
		};
		4D59084722EAABD0006E0657 /* Release */ = {
			isa = XCBuildConfiguration;
			buildSettings = {
				ALWAYS_SEARCH_USER_PATHS = NO;
				CLANG_ANALYZER_NONNULL = YES;
				CLANG_ANALYZER_NUMBER_OBJECT_CONVERSION = YES_AGGRESSIVE;
				CLANG_CXX_LANGUAGE_STANDARD = "gnu++14";
				CLANG_CXX_LIBRARY = "libc++";
				CLANG_ENABLE_MODULES = YES;
				CLANG_ENABLE_OBJC_ARC = YES;
				CLANG_ENABLE_OBJC_WEAK = YES;
				CLANG_WARN_BLOCK_CAPTURE_AUTORELEASING = YES;
				CLANG_WARN_BOOL_CONVERSION = YES;
				CLANG_WARN_COMMA = YES;
				CLANG_WARN_CONSTANT_CONVERSION = YES;
				CLANG_WARN_DEPRECATED_OBJC_IMPLEMENTATIONS = YES;
				CLANG_WARN_DIRECT_OBJC_ISA_USAGE = YES_ERROR;
				CLANG_WARN_DOCUMENTATION_COMMENTS = YES;
				CLANG_WARN_EMPTY_BODY = YES;
				CLANG_WARN_ENUM_CONVERSION = YES;
				CLANG_WARN_INFINITE_RECURSION = YES;
				CLANG_WARN_INT_CONVERSION = YES;
				CLANG_WARN_NON_LITERAL_NULL_CONVERSION = YES;
				CLANG_WARN_OBJC_IMPLICIT_RETAIN_SELF = YES;
				CLANG_WARN_OBJC_LITERAL_CONVERSION = YES;
				CLANG_WARN_OBJC_ROOT_CLASS = YES_ERROR;
				CLANG_WARN_RANGE_LOOP_ANALYSIS = YES;
				CLANG_WARN_STRICT_PROTOTYPES = YES;
				CLANG_WARN_SUSPICIOUS_MOVE = YES;
				CLANG_WARN_UNGUARDED_AVAILABILITY = YES_AGGRESSIVE;
				CLANG_WARN_UNREACHABLE_CODE = YES;
				CLANG_WARN__DUPLICATE_METHOD_MATCH = YES;
				CODE_SIGN_IDENTITY = "iPhone Developer";
				COPY_PHASE_STRIP = NO;
				DEBUG_INFORMATION_FORMAT = "dwarf-with-dsym";
				ENABLE_NS_ASSERTIONS = NO;
				ENABLE_STRICT_OBJC_MSGSEND = YES;
				GCC_C_LANGUAGE_STANDARD = gnu11;
				GCC_NO_COMMON_BLOCKS = YES;
				GCC_WARN_64_TO_32_BIT_CONVERSION = YES;
				GCC_WARN_ABOUT_RETURN_TYPE = YES_ERROR;
				GCC_WARN_UNDECLARED_SELECTOR = YES;
				GCC_WARN_UNINITIALIZED_AUTOS = YES_AGGRESSIVE;
				GCC_WARN_UNUSED_FUNCTION = YES;
				GCC_WARN_UNUSED_VARIABLE = YES;
				IPHONEOS_DEPLOYMENT_TARGET = 12.4;
				MTL_ENABLE_DEBUG_INFO = NO;
				MTL_FAST_MATH = YES;
				SDKROOT = iphoneos;
				SWIFT_COMPILATION_MODE = wholemodule;
				VALIDATE_PRODUCT = YES;
			};
			name = Release;
		};
		4D59084922EAABD0006E0657 /* Debug */ = {
			isa = XCBuildConfiguration;
			baseConfigurationReference = E21022F6CE25365DCCE4E602 /* Pods-GitProject.debug.xcconfig */;
			buildSettings = {
				ALWAYS_EMBED_SWIFT_STANDARD_LIBRARIES = YES;
				ASSETCATALOG_COMPILER_APPICON_NAME = AppIcon;
				CLANG_ENABLE_MODULES = YES;
				CODE_SIGN_STYLE = Automatic;
				DEVELOPMENT_TEAM = G3YBNP29DB;
				GCC_PRECOMPILE_PREFIX_HEADER = YES;
				GCC_PREFIX_HEADER = "$(SRCROOT)/GitProject/GitProject.pch";
				INFOPLIST_FILE = GitProject/Info.plist;
				LD_RUNPATH_SEARCH_PATHS = (
					"$(inherited)",
					"@executable_path/Frameworks",
				);
				PRODUCT_BUNDLE_IDENTIFIER = sunmi.com.GitProject;
				PRODUCT_NAME = "$(TARGET_NAME)";
				SWIFT_OBJC_BRIDGING_HEADER = "GitProject/GitProject-Bridging-Header.h";
				SWIFT_OPTIMIZATION_LEVEL = "-Onone";
				SWIFT_VERSION = 5.0;
				TARGETED_DEVICE_FAMILY = "1,2";
			};
			name = Debug;
		};
		4D59084A22EAABD0006E0657 /* Release */ = {
			isa = XCBuildConfiguration;
			baseConfigurationReference = FD80FA25C33DC6B5A33F6AE0 /* Pods-GitProject.release.xcconfig */;
			buildSettings = {
				ALWAYS_EMBED_SWIFT_STANDARD_LIBRARIES = YES;
				ASSETCATALOG_COMPILER_APPICON_NAME = AppIcon;
				CLANG_ENABLE_MODULES = YES;
				CODE_SIGN_STYLE = Automatic;
				DEVELOPMENT_TEAM = G3YBNP29DB;
				GCC_PRECOMPILE_PREFIX_HEADER = YES;
				GCC_PREFIX_HEADER = "$(SRCROOT)/GitProject/GitProject.pch";
				INFOPLIST_FILE = GitProject/Info.plist;
				LD_RUNPATH_SEARCH_PATHS = (
					"$(inherited)",
					"@executable_path/Frameworks",
				);
				PRODUCT_BUNDLE_IDENTIFIER = sunmi.com.GitProject;
				PRODUCT_NAME = "$(TARGET_NAME)";
				SWIFT_OBJC_BRIDGING_HEADER = "GitProject/GitProject-Bridging-Header.h";
				SWIFT_VERSION = 5.0;
				TARGETED_DEVICE_FAMILY = "1,2";
			};
			name = Release;
		};
		4D59084C22EAABD0006E0657 /* Debug */ = {
			isa = XCBuildConfiguration;
			buildSettings = {
				ALWAYS_EMBED_SWIFT_STANDARD_LIBRARIES = YES;
				BUNDLE_LOADER = "$(TEST_HOST)";
				CODE_SIGN_STYLE = Automatic;
				DEVELOPMENT_TEAM = G3YBNP29DB;
				INFOPLIST_FILE = GitProjectTests/Info.plist;
				LD_RUNPATH_SEARCH_PATHS = (
					"$(inherited)",
					"@executable_path/Frameworks",
					"@loader_path/Frameworks",
				);
				PRODUCT_BUNDLE_IDENTIFIER = sunmi.com.GitProjectTests;
				PRODUCT_NAME = "$(TARGET_NAME)";
				TARGETED_DEVICE_FAMILY = "1,2";
				TEST_HOST = "$(BUILT_PRODUCTS_DIR)/GitProject.app/GitProject";
			};
			name = Debug;
		};
		4D59084D22EAABD0006E0657 /* Release */ = {
			isa = XCBuildConfiguration;
			buildSettings = {
				ALWAYS_EMBED_SWIFT_STANDARD_LIBRARIES = YES;
				BUNDLE_LOADER = "$(TEST_HOST)";
				CODE_SIGN_STYLE = Automatic;
				DEVELOPMENT_TEAM = G3YBNP29DB;
				INFOPLIST_FILE = GitProjectTests/Info.plist;
				LD_RUNPATH_SEARCH_PATHS = (
					"$(inherited)",
					"@executable_path/Frameworks",
					"@loader_path/Frameworks",
				);
				PRODUCT_BUNDLE_IDENTIFIER = sunmi.com.GitProjectTests;
				PRODUCT_NAME = "$(TARGET_NAME)";
				TARGETED_DEVICE_FAMILY = "1,2";
				TEST_HOST = "$(BUILT_PRODUCTS_DIR)/GitProject.app/GitProject";
			};
			name = Release;
		};
		4D59084F22EAABD0006E0657 /* Debug */ = {
			isa = XCBuildConfiguration;
			buildSettings = {
				ALWAYS_EMBED_SWIFT_STANDARD_LIBRARIES = YES;
				CODE_SIGN_STYLE = Automatic;
				DEVELOPMENT_TEAM = G3YBNP29DB;
				INFOPLIST_FILE = GitProjectUITests/Info.plist;
				LD_RUNPATH_SEARCH_PATHS = (
					"$(inherited)",
					"@executable_path/Frameworks",
					"@loader_path/Frameworks",
				);
				PRODUCT_BUNDLE_IDENTIFIER = sunmi.com.GitProjectUITests;
				PRODUCT_NAME = "$(TARGET_NAME)";
				TARGETED_DEVICE_FAMILY = "1,2";
				TEST_TARGET_NAME = GitProject;
			};
			name = Debug;
		};
		4D59085022EAABD0006E0657 /* Release */ = {
			isa = XCBuildConfiguration;
			buildSettings = {
				ALWAYS_EMBED_SWIFT_STANDARD_LIBRARIES = YES;
				CODE_SIGN_STYLE = Automatic;
				DEVELOPMENT_TEAM = G3YBNP29DB;
				INFOPLIST_FILE = GitProjectUITests/Info.plist;
				LD_RUNPATH_SEARCH_PATHS = (
					"$(inherited)",
					"@executable_path/Frameworks",
					"@loader_path/Frameworks",
				);
				PRODUCT_BUNDLE_IDENTIFIER = sunmi.com.GitProjectUITests;
				PRODUCT_NAME = "$(TARGET_NAME)";
				TARGETED_DEVICE_FAMILY = "1,2";
				TEST_TARGET_NAME = GitProject;
			};
			name = Release;
		};
/* End XCBuildConfiguration section */

/* Begin XCConfigurationList section */
		4D59081722EAABD0006E0657 /* Build configuration list for PBXProject "GitProject" */ = {
			isa = XCConfigurationList;
			buildConfigurations = (
				4D59084622EAABD0006E0657 /* Debug */,
				4D59084722EAABD0006E0657 /* Release */,
			);
			defaultConfigurationIsVisible = 0;
			defaultConfigurationName = Release;
		};
		4D59084822EAABD0006E0657 /* Build configuration list for PBXNativeTarget "GitProject" */ = {
			isa = XCConfigurationList;
			buildConfigurations = (
				4D59084922EAABD0006E0657 /* Debug */,
				4D59084A22EAABD0006E0657 /* Release */,
			);
			defaultConfigurationIsVisible = 0;
			defaultConfigurationName = Release;
		};
		4D59084B22EAABD0006E0657 /* Build configuration list for PBXNativeTarget "GitProjectTests" */ = {
			isa = XCConfigurationList;
			buildConfigurations = (
				4D59084C22EAABD0006E0657 /* Debug */,
				4D59084D22EAABD0006E0657 /* Release */,
			);
			defaultConfigurationIsVisible = 0;
			defaultConfigurationName = Release;
		};
		4D59084E22EAABD0006E0657 /* Build configuration list for PBXNativeTarget "GitProjectUITests" */ = {
			isa = XCConfigurationList;
			buildConfigurations = (
				4D59084F22EAABD0006E0657 /* Debug */,
				4D59085022EAABD0006E0657 /* Release */,
			);
			defaultConfigurationIsVisible = 0;
			defaultConfigurationName = Release;
		};
/* End XCConfigurationList section */
	};
	rootObject = 4D59081422EAABD0006E0657 /* Project object */;
}
