// !$*UTF8*$!
{
	archiveVersion = 1;
	classes = {
	};
	objectVersion = 50;
	objects = {

/* Begin PBXBuildFile section */
		4D59082122EAABD0006E0657 /* AppDelegate.m in Sources */ = {isa = PBXBuildFile; fileRef = 4D59082022EAABD0006E0657 /* AppDelegate.m */; };
		4D59082422EAABD0006E0657 /* ViewController.m in Sources */ = {isa = PBXBuildFile; fileRef = 4D59082322EAABD0006E0657 /* ViewController.m */; };
		4D59082722EAABD0006E0657 /* Main.storyboard in Resources */ = {isa = PBXBuildFile; fileRef = 4D59082522EAABD0006E0657 /* Main.storyboard */; };
		4D59082922EAABD0006E0657 /* Assets.xcassets in Resources */ = {isa = PBXBuildFile; fileRef = 4D59082822EAABD0006E0657 /* Assets.xcassets */; };
		4D59082C22EAABD0006E0657 /* LaunchScreen.storyboard in Resources */ = {isa = PBXBuildFile; fileRef = 4D59082A22EAABD0006E0657 /* LaunchScreen.storyboard */; };
		4D59082F22EAABD0006E0657 /* main.m in Sources */ = {isa = PBXBuildFile; fileRef = 4D59082E22EAABD0006E0657 /* main.m */; };
		4D59083922EAABD0006E0657 /* GitProjectTests.m in Sources */ = {isa = PBXBuildFile; fileRef = 4D59083822EAABD0006E0657 /* GitProjectTests.m */; };
		4D59084422EAABD0006E0657 /* GitProjectUITests.m in Sources */ = {isa = PBXBuildFile; fileRef = 4D59084322EAABD0006E0657 /* GitProjectUITests.m */; };
/* End PBXBuildFile section */

/* Begin PBXContainerItemProxy section */
		4D59083522EAABD0006E0657 /* PBXContainerItemProxy */ = {
			isa = PBXContainerItemProxy;
			containerPortal = 4D59081422EAABD0006E0657 /* Project object */;
			proxyType = 1;
			remoteGlobalIDString = 4D59081B22EAABD0006E0657;
			remoteInfo = GitProject;
		};
		4D59084022EAABD0006E0657 /* PBXContainerItemProxy */ = {
			isa = PBXContainerItemProxy;
			containerPortal = 4D59081422EAABD0006E0657 /* Project object */;
			proxyType = 1;
			remoteGlobalIDString = 4D59081B22EAABD0006E0657;
			remoteInfo = GitProject;
		};
/* End PBXContainerItemProxy section */

/* Begin PBXFileReference section */
		4D59081C22EAABD0006E0657 /* GitProject.app */ = {isa = PBXFileReference; explicitFileType = wrapper.application; includeInIndex = 0; path = GitProject.app; sourceTree = BUILT_PRODUCTS_DIR; };
		4D59081F22EAABD0006E0657 /* AppDelegate.h */ = {isa = PBXFileReference; lastKnownFileType = sourcecode.c.h; path = AppDelegate.h; sourceTree = "<group>"; };
		4D59082022EAABD0006E0657 /* AppDelegate.m */ = {isa = PBXFileReference; lastKnownFileType = sourcecode.c.objc; path = AppDelegate.m; sourceTree = "<group>"; };
		4D59082222EAABD0006E0657 /* ViewController.h */ = {isa = PBXFileReference; lastKnownFileType = sourcecode.c.h; path = ViewController.h; sourceTree = "<group>"; };
		4D59082322EAABD0006E0657 /* ViewController.m */ = {isa = PBXFileReference; lastKnownFileType = sourcecode.c.objc; path = ViewController.m; sourceTree = "<group>"; };
		4D59082622EAABD0006E0657 /* Base */ = {isa = PBXFileReference; lastKnownFileType = file.storyboard; name = Base; path = Base.lproj/Main.storyboard; sourceTree = "<group>"; };
		4D59082822EAABD0006E0657 /* Assets.xcassets */ = {isa = PBXFileReference; lastKnownFileType = folder.assetcatalog; path = Assets.xcassets; sourceTree = "<group>"; };
		4D59082B22EAABD0006E0657 /* Base */ = {isa = PBXFileReference; lastKnownFileType = file.storyboard; name = Base; path = Base.lproj/LaunchScreen.storyboard; sourceTree = "<group>"; };
		4D59082D22EAABD0006E0657 /* Info.plist */ = {isa = PBXFileReference; lastKnownFileType = text.plist.xml; path = Info.plist; sourceTree = "<group>"; };
		4D59082E22EAABD0006E0657 /* main.m */ = {isa = PBXFileReference; lastKnownFileType = sourcecode.c.objc; path = main.m; sourceTree = "<group>"; };
		4D59083422EAABD0006E0657 /* GitProjectTests.xctest */ = {isa = PBXFileReference; explicitFileType = wrapper.cfbundle; includeInIndex = 0; path = GitProjectTests.xctest; sourceTree = BUILT_PRODUCTS_DIR; };
		4D59083822EAABD0006E0657 /* GitProjectTests.m */ = {isa = PBXFileReference; lastKnownFileType = sourcecode.c.objc; path = GitProjectTests.m; sourceTree = "<group>"; };
		4D59083A22EAABD0006E0657 /* Info.plist */ = {isa = PBXFileReference; lastKnownFileType = text.plist.xml; path = Info.plist; sourceTree = "<group>"; };
		4D59083F22EAABD0006E0657 /* GitProjectUITests.xctest */ = {isa = PBXFileReference; explicitFileType = wrapper.cfbundle; includeInIndex = 0; path = GitProjectUITests.xctest; sourceTree = BUILT_PRODUCTS_DIR; };
		4D59084322EAABD0006E0657 /* GitProjectUITests.m */ = {isa = PBXFileReference; lastKnownFileType = sourcecode.c.objc; path = GitProjectUITests.m; sourceTree = "<group>"; };
		4D59084522EAABD0006E0657 /* Info.plist */ = {isa = PBXFileReference; lastKnownFileType = text.plist.xml; path = Info.plist; sourceTree = "<group>"; };
/* End PBXFileReference section */

/* Begin PBXFrameworksBuildPhase section */
		4D59081922EAABD0006E0657 /* Frameworks */ = {
			isa = PBXFrameworksBuildPhase;
			buildActionMask = 2147483647;
			files = (
			);
			runOnlyForDeploymentPostprocessing = 0;
		};
		4D59083122EAABD0006E0657 /* Frameworks */ = {
			isa = PBXFrameworksBuildPhase;
			buildActionMask = 2147483647;
			files = (
			);
			runOnlyForDeploymentPostprocessing = 0;
		};
		4D59083C22EAABD0006E0657 /* Frameworks */ = {
			isa = PBXFrameworksBuildPhase;
			buildActionMask = 2147483647;
			files = (
			);
			runOnlyForDeploymentPostprocessing = 0;
		};
/* End PBXFrameworksBuildPhase section */

/* Begin PBXGroup section */
		4D59081322EAABD0006E0657 = {
			isa = PBXGroup;
			children = (
				4D59081E22EAABD0006E0657 /* GitProject */,
				4D59083722EAABD0006E0657 /* GitProjectTests */,
				4D59084222EAABD0006E0657 /* GitProjectUITests */,
				4D59081D22EAABD0006E0657 /* Products */,
			);
			sourceTree = "<group>";
		};
		4D59081D22EAABD0006E0657 /* Products */ = {
			isa = PBXGroup;
			children = (
				4D59081C22EAABD0006E0657 /* GitProject.app */,
				4D59083422EAABD0006E0657 /* GitProjectTests.xctest */,
				4D59083F22EAABD0006E0657 /* GitProjectUITests.xctest */,
			);
			name = Products;
			sourceTree = "<group>";
		};
		4D59081E22EAABD0006E0657 /* GitProject */ = {
			isa = PBXGroup;
			children = (
				4D59081F22EAABD0006E0657 /* AppDelegate.h */,
				4D59082022EAABD0006E0657 /* AppDelegate.m */,
				4D59082222EAABD0006E0657 /* ViewController.h */,
				4D59082322EAABD0006E0657 /* ViewController.m */,
				4D59082522EAABD0006E0657 /* Main.storyboard */,
				4D59082822EAABD0006E0657 /* Assets.xcassets */,
				4D59082A22EAABD0006E0657 /* LaunchScreen.storyboard */,
				4D59082D22EAABD0006E0657 /* Info.plist */,
				4D59082E22EAABD0006E0657 /* main.m */,
			);
			path = GitProject;
			sourceTree = "<group>";
		};
		4D59083722EAABD0006E0657 /* GitProjectTests */ = {
			isa = PBXGroup;
			children = (
				4D59083822EAABD0006E0657 /* GitProjectTests.m */,
				4D59083A22EAABD0006E0657 /* Info.plist */,
			);
			path = GitProjectTests;
			sourceTree = "<group>";
		};
		4D59084222EAABD0006E0657 /* GitProjectUITests */ = {
			isa = PBXGroup;
			children = (
				4D59084322EAABD0006E0657 /* GitProjectUITests.m */,
				4D59084522EAABD0006E0657 /* Info.plist */,
			);
			path = GitProjectUITests;
			sourceTree = "<group>";
		};
/* End PBXGroup section */

/* Begin PBXNativeTarget section */
		4D59081B22EAABD0006E0657 /* GitProject */ = {
			isa = PBXNativeTarget;
			buildConfigurationList = 4D59084822EAABD0006E0657 /* Build configuration list for PBXNativeTarget "GitProject" */;
			buildPhases = (
				4D59081822EAABD0006E0657 /* Sources */,
				4D59081922EAABD0006E0657 /* Frameworks */,
				4D59081A22EAABD0006E0657 /* Resources */,
			);
			buildRules = (
			);
			dependencies = (
			);
			name = GitProject;
			productName = GitProject;
			productReference = 4D59081C22EAABD0006E0657 /* GitProject.app */;
			productType = "com.apple.product-type.application";
		};
		4D59083322EAABD0006E0657 /* GitProjectTests */ = {
			isa = PBXNativeTarget;
			buildConfigurationList = 4D59084B22EAABD0006E0657 /* Build configuration list for PBXNativeTarget "GitProjectTests" */;
			buildPhases = (
				4D59083022EAABD0006E0657 /* Sources */,
				4D59083122EAABD0006E0657 /* Frameworks */,
				4D59083222EAABD0006E0657 /* Resources */,
			);
			buildRules = (
			);
			dependencies = (
				4D59083622EAABD0006E0657 /* PBXTargetDependency */,
			);
			name = GitProjectTests;
			productName = GitProjectTests;
			productReference = 4D59083422EAABD0006E0657 /* GitProjectTests.xctest */;
			productType = "com.apple.product-type.bundle.unit-test";
		};
		4D59083E22EAABD0006E0657 /* GitProjectUITests */ = {
			isa = PBXNativeTarget;
			buildConfigurationList = 4D59084E22EAABD0006E0657 /* Build configuration list for PBXNativeTarget "GitProjectUITests" */;
			buildPhases = (
				4D59083B22EAABD0006E0657 /* Sources */,
				4D59083C22EAABD0006E0657 /* Frameworks */,
				4D59083D22EAABD0006E0657 /* Resources */,
			);
			buildRules = (
			);
			dependencies = (
				4D59084122EAABD0006E0657 /* PBXTargetDependency */,
			);
			name = GitProjectUITests;
			productName = GitProjectUITests;
			productReference = 4D59083F22EAABD0006E0657 /* GitProjectUITests.xctest */;
			productType = "com.apple.product-type.bundle.ui-testing";
		};
/* End PBXNativeTarget section */

/* Begin PBXProject section */
		4D59081422EAABD0006E0657 /* Project object */ = {
			isa = PBXProject;
			attributes = {
				LastUpgradeCheck = 1030;
				ORGANIZATIONNAME = mark;
				TargetAttributes = {
					4D59081B22EAABD0006E0657 = {
						CreatedOnToolsVersion = 10.3;
					};
					4D59083322EAABD0006E0657 = {
						CreatedOnToolsVersion = 10.3;
						TestTargetID = 4D59081B22EAABD0006E0657;
					};
					4D59083E22EAABD0006E0657 = {
						CreatedOnToolsVersion = 10.3;
						TestTargetID = 4D59081B22EAABD0006E0657;
					};
				};
			};
			buildConfigurationList = 4D59081722EAABD0006E0657 /* Build configuration list for PBXProject "GitProject" */;
			compatibilityVersion = "Xcode 9.3";
			developmentRegion = en;
			hasScannedForEncodings = 0;
			knownRegions = (
				en,
				Base,
			);
			mainGroup = 4D59081322EAABD0006E0657;
			productRefGroup = 4D59081D22EAABD0006E0657 /* Products */;
			projectDirPath = "";
			projectRoot = "";
			targets = (
				4D59081B22EAABD0006E0657 /* GitProject */,
				4D59083322EAABD0006E0657 /* GitProjectTests */,
				4D59083E22EAABD0006E0657 /* GitProjectUITests */,
			);
		};
/* End PBXProject section */

/* Begin PBXResourcesBuildPhase section */
		4D59081A22EAABD0006E0657 /* Resources */ = {
			isa = PBXResourcesBuildPhase;
			buildActionMask = 2147483647;
			files = (
				4D59082C22EAABD0006E0657 /* LaunchScreen.storyboard in Resources */,
				4D59082922EAABD0006E0657 /* Assets.xcassets in Resources */,
				4D59082722EAABD0006E0657 /* Main.storyboard in Resources */,
			);
			runOnlyForDeploymentPostprocessing = 0;
		};
		4D59083222EAABD0006E0657 /* Resources */ = {
			isa = PBXResourcesBuildPhase;
			buildActionMask = 2147483647;
			files = (
			);
			runOnlyForDeploymentPostprocessing = 0;
		};
		4D59083D22EAABD0006E0657 /* Resources */ = {
			isa = PBXResourcesBuildPhase;
			buildActionMask = 2147483647;
			files = (
			);
			runOnlyForDeploymentPostprocessing = 0;
		};
/* End PBXResourcesBuildPhase section */

/* Begin PBXSourcesBuildPhase section */
		4D59081822EAABD0006E0657 /* Sources */ = {
			isa = PBXSourcesBuildPhase;
			buildActionMask = 2147483647;
			files = (
				4D59082422EAABD0006E0657 /* ViewController.m in Sources */,
				4D59082F22EAABD0006E0657 /* main.m in Sources */,
				4D59082122EAABD0006E0657 /* AppDelegate.m in Sources */,
			);
			runOnlyForDeploymentPostprocessing = 0;
		};
		4D59083022EAABD0006E0657 /* Sources */ = {
			isa = PBXSourcesBuildPhase;
			buildActionMask = 2147483647;
			files = (
				4D59083922EAABD0006E0657 /* GitProjectTests.m in Sources */,
			);
			runOnlyForDeploymentPostprocessing = 0;
		};
		4D59083B22EAABD0006E0657 /* Sources */ = {
			isa = PBXSourcesBuildPhase;
			buildActionMask = 2147483647;
			files = (
				4D59084422EAABD0006E0657 /* GitProjectUITests.m in Sources */,
			);
			runOnlyForDeploymentPostprocessing = 0;
		};
/* End PBXSourcesBuildPhase section */

/* Begin PBXTargetDependency section */
		4D59083622EAABD0006E0657 /* PBXTargetDependency */ = {
			isa = PBXTargetDependency;
			target = 4D59081B22EAABD0006E0657 /* GitProject */;
			targetProxy = 4D59083522EAABD0006E0657 /* PBXContainerItemProxy */;
		};
		4D59084122EAABD0006E0657 /* PBXTargetDependency */ = {
			isa = PBXTargetDependency;
			target = 4D59081B22EAABD0006E0657 /* GitProject */;
			targetProxy = 4D59084022EAABD0006E0657 /* PBXContainerItemProxy */;
		};
/* End PBXTargetDependency section */

/* Begin PBXVariantGroup section */
		4D59082522EAABD0006E0657 /* Main.storyboard */ = {
			isa = PBXVariantGroup;
			children = (
				4D59082622EAABD0006E0657 /* Base */,
			);
			name = Main.storyboard;
			sourceTree = "<group>";
		};
		4D59082A22EAABD0006E0657 /* LaunchScreen.storyboard */ = {
			isa = PBXVariantGroup;
			children = (
				4D59082B22EAABD0006E0657 /* Base */,
			);
			name = LaunchScreen.storyboard;
			sourceTree = "<group>";
		};
/* End PBXVariantGroup section */

/* Begin XCBuildConfiguration section */
		4D59084622EAABD0006E0657 /* Debug */ = {
			isa = XCBuildConfiguration;
			buildSettings = {
				ALWAYS_SEARCH_USER_PATHS = NO;
				CLANG_ANALYZER_NONNULL = YES;
				CLANG_ANALYZER_NUMBER_OBJECT_CONVERSION = YES_AGGRESSIVE;
				CLANG_CXX_LANGUAGE_STANDARD = "gnu++14";
				CLANG_CXX_LIBRARY = "libc++";
				CLANG_ENABLE_MODULES = YES;
				CLANG_ENABLE_OBJC_ARC = YES;
				CLANG_ENABLE_OBJC_WEAK = YES;
				CLANG_WARN_BLOCK_CAPTURE_AUTORELEASING = YES;
				CLANG_WARN_BOOL_CONVERSION = YES;
				CLANG_WARN_COMMA = YES;
				CLANG_WARN_CONSTANT_CONVERSION = YES;
				CLANG_WARN_DEPRECATED_OBJC_IMPLEMENTATIONS = YES;
				CLANG_WARN_DIRECT_OBJC_ISA_USAGE = YES_ERROR;
				CLANG_WARN_DOCUMENTATION_COMMENTS = YES;
				CLANG_WARN_EMPTY_BODY = YES;
				CLANG_WARN_ENUM_CONVERSION = YES;
				CLANG_WARN_INFINITE_RECURSION = YES;
				CLANG_WARN_INT_CONVERSION = YES;
				CLANG_WARN_NON_LITERAL_NULL_CONVERSION = YES;
				CLANG_WARN_OBJC_IMPLICIT_RETAIN_SELF = YES;
				CLANG_WARN_OBJC_LITERAL_CONVERSION = YES;
				CLANG_WARN_OBJC_ROOT_CLASS = YES_ERROR;
				CLANG_WARN_RANGE_LOOP_ANALYSIS = YES;
				CLANG_WARN_STRICT_PROTOTYPES = YES;
				CLANG_WARN_SUSPICIOUS_MOVE = YES;
				CLANG_WARN_UNGUARDED_AVAILABILITY = YES_AGGRESSIVE;
				CLANG_WARN_UNREACHABLE_CODE = YES;
				CLANG_WARN__DUPLICATE_METHOD_MATCH = YES;
				CODE_SIGN_IDENTITY = "iPhone Developer";
				COPY_PHASE_STRIP = NO;
				DEBUG_INFORMATION_FORMAT = dwarf;
				ENABLE_STRICT_OBJC_MSGSEND = YES;
				ENABLE_TESTABILITY = YES;
				GCC_C_LANGUAGE_STANDARD = gnu11;
				GCC_DYNAMIC_NO_PIC = NO;
				GCC_NO_COMMON_BLOCKS = YES;
				GCC_OPTIMIZATION_LEVEL = 0;
				GCC_PREPROCESSOR_DEFINITIONS = (
					"DEBUG=1",
					"$(inherited)",
				);
				GCC_WARN_64_TO_32_BIT_CONVERSION = YES;
				GCC_WARN_ABOUT_RETURN_TYPE = YES_ERROR;
				GCC_WARN_UNDECLARED_SELECTOR = YES;
				GCC_WARN_UNINITIALIZED_AUTOS = YES_AGGRESSIVE;
				GCC_WARN_UNUSED_FUNCTION = YES;
				GCC_WARN_UNUSED_VARIABLE = YES;
				IPHONEOS_DEPLOYMENT_TARGET = 12.4;
				MTL_ENABLE_DEBUG_INFO = INCLUDE_SOURCE;
				MTL_FAST_MATH = YES;
				ONLY_ACTIVE_ARCH = YES;
				SDKROOT = iphoneos;
			};
			name = Debug;
		};
		4D59084722EAABD0006E0657 /* Release */ = {
			isa = XCBuildConfiguration;
			buildSettings = {
				ALWAYS_SEARCH_USER_PATHS = NO;
				CLANG_ANALYZER_NONNULL = YES;
				CLANG_ANALYZER_NUMBER_OBJECT_CONVERSION = YES_AGGRESSIVE;
				CLANG_CXX_LANGUAGE_STANDARD = "gnu++14";
				CLANG_CXX_LIBRARY = "libc++";
				CLANG_ENABLE_MODULES = YES;
				CLANG_ENABLE_OBJC_ARC = YES;
				CLANG_ENABLE_OBJC_WEAK = YES;
				CLANG_WARN_BLOCK_CAPTURE_AUTORELEASING = YES;
				CLANG_WARN_BOOL_CONVERSION = YES;
				CLANG_WARN_COMMA = YES;
				CLANG_WARN_CONSTANT_CONVERSION = YES;
				CLANG_WARN_DEPRECATED_OBJC_IMPLEMENTATIONS = YES;
				CLANG_WARN_DIRECT_OBJC_ISA_USAGE = YES_ERROR;
				CLANG_WARN_DOCUMENTATION_COMMENTS = YES;
				CLANG_WARN_EMPTY_BODY = YES;
				CLANG_WARN_ENUM_CONVERSION = YES;
				CLANG_WARN_INFINITE_RECURSION = YES;
				CLANG_WARN_INT_CONVERSION = YES;
				CLANG_WARN_NON_LITERAL_NULL_CONVERSION = YES;
				CLANG_WARN_OBJC_IMPLICIT_RETAIN_SELF = YES;
				CLANG_WARN_OBJC_LITERAL_CONVERSION = YES;
				CLANG_WARN_OBJC_ROOT_CLASS = YES_ERROR;
				CLANG_WARN_RANGE_LOOP_ANALYSIS = YES;
				CLANG_WARN_STRICT_PROTOTYPES = YES;
				CLANG_WARN_SUSPICIOUS_MOVE = YES;
				CLANG_WARN_UNGUARDED_AVAILABILITY = YES_AGGRESSIVE;
				CLANG_WARN_UNREACHABLE_CODE = YES;
				CLANG_WARN__DUPLICATE_METHOD_MATCH = YES;
				CODE_SIGN_IDENTITY = "iPhone Developer";
				COPY_PHASE_STRIP = NO;
				DEBUG_INFORMATION_FORMAT = "dwarf-with-dsym";
				ENABLE_NS_ASSERTIONS = NO;
				ENABLE_STRICT_OBJC_MSGSEND = YES;
				GCC_C_LANGUAGE_STANDARD = gnu11;
				GCC_NO_COMMON_BLOCKS = YES;
				GCC_WARN_64_TO_32_BIT_CONVERSION = YES;
				GCC_WARN_ABOUT_RETURN_TYPE = YES_ERROR;
				GCC_WARN_UNDECLARED_SELECTOR = YES;
				GCC_WARN_UNINITIALIZED_AUTOS = YES_AGGRESSIVE;
				GCC_WARN_UNUSED_FUNCTION = YES;
				GCC_WARN_UNUSED_VARIABLE = YES;
				IPHONEOS_DEPLOYMENT_TARGET = 12.4;
				MTL_ENABLE_DEBUG_INFO = NO;
				MTL_FAST_MATH = YES;
				SDKROOT = iphoneos;
				VALIDATE_PRODUCT = YES;
			};
			name = Release;
		};
		4D59084922EAABD0006E0657 /* Debug */ = {
			isa = XCBuildConfiguration;
			buildSettings = {
				ASSETCATALOG_COMPILER_APPICON_NAME = AppIcon;
				CODE_SIGN_STYLE = Automatic;
				DEVELOPMENT_TEAM = G3YBNP29DB;
				INFOPLIST_FILE = GitProject/Info.plist;
				LD_RUNPATH_SEARCH_PATHS = (
					"$(inherited)",
					"@executable_path/Frameworks",
				);
				PRODUCT_BUNDLE_IDENTIFIER = sunmi.com.GitProject;
				PRODUCT_NAME = "$(TARGET_NAME)";
				TARGETED_DEVICE_FAMILY = "1,2";
			};
			name = Debug;
		};
		4D59084A22EAABD0006E0657 /* Release */ = {
			isa = XCBuildConfiguration;
			buildSettings = {
				ASSETCATALOG_COMPILER_APPICON_NAME = AppIcon;
				CODE_SIGN_STYLE = Automatic;
				DEVELOPMENT_TEAM = G3YBNP29DB;
				INFOPLIST_FILE = GitProject/Info.plist;
				LD_RUNPATH_SEARCH_PATHS = (
					"$(inherited)",
					"@executable_path/Frameworks",
				);
				PRODUCT_BUNDLE_IDENTIFIER = sunmi.com.GitProject;
				PRODUCT_NAME = "$(TARGET_NAME)";
				TARGETED_DEVICE_FAMILY = "1,2";
			};
			name = Release;
		};
		4D59084C22EAABD0006E0657 /* Debug */ = {
			isa = XCBuildConfiguration;
			buildSettings = {
				BUNDLE_LOADER = "$(TEST_HOST)";
				CODE_SIGN_STYLE = Automatic;
				DEVELOPMENT_TEAM = G3YBNP29DB;
				INFOPLIST_FILE = GitProjectTests/Info.plist;
				LD_RUNPATH_SEARCH_PATHS = (
					"$(inherited)",
					"@executable_path/Frameworks",
					"@loader_path/Frameworks",
				);
				PRODUCT_BUNDLE_IDENTIFIER = sunmi.com.GitProjectTests;
				PRODUCT_NAME = "$(TARGET_NAME)";
				TARGETED_DEVICE_FAMILY = "1,2";
				TEST_HOST = "$(BUILT_PRODUCTS_DIR)/GitProject.app/GitProject";
			};
			name = Debug;
		};
		4D59084D22EAABD0006E0657 /* Release */ = {
			isa = XCBuildConfiguration;
			buildSettings = {
				BUNDLE_LOADER = "$(TEST_HOST)";
				CODE_SIGN_STYLE = Automatic;
				DEVELOPMENT_TEAM = G3YBNP29DB;
				INFOPLIST_FILE = GitProjectTests/Info.plist;
				LD_RUNPATH_SEARCH_PATHS = (
					"$(inherited)",
					"@executable_path/Frameworks",
					"@loader_path/Frameworks",
				);
				PRODUCT_BUNDLE_IDENTIFIER = sunmi.com.GitProjectTests;
				PRODUCT_NAME = "$(TARGET_NAME)";
				TARGETED_DEVICE_FAMILY = "1,2";
				TEST_HOST = "$(BUILT_PRODUCTS_DIR)/GitProject.app/GitProject";
			};
			name = Release;
		};
		4D59084F22EAABD0006E0657 /* Debug */ = {
			isa = XCBuildConfiguration;
			buildSettings = {
				CODE_SIGN_STYLE = Automatic;
				DEVELOPMENT_TEAM = G3YBNP29DB;
				INFOPLIST_FILE = GitProjectUITests/Info.plist;
				LD_RUNPATH_SEARCH_PATHS = (
					"$(inherited)",
					"@executable_path/Frameworks",
					"@loader_path/Frameworks",
				);
				PRODUCT_BUNDLE_IDENTIFIER = sunmi.com.GitProjectUITests;
				PRODUCT_NAME = "$(TARGET_NAME)";
				TARGETED_DEVICE_FAMILY = "1,2";
				TEST_TARGET_NAME = GitProject;
			};
			name = Debug;
		};
		4D59085022EAABD0006E0657 /* Release */ = {
			isa = XCBuildConfiguration;
			buildSettings = {
				CODE_SIGN_STYLE = Automatic;
				DEVELOPMENT_TEAM = G3YBNP29DB;
				INFOPLIST_FILE = GitProjectUITests/Info.plist;
				LD_RUNPATH_SEARCH_PATHS = (
					"$(inherited)",
					"@executable_path/Frameworks",
					"@loader_path/Frameworks",
				);
				PRODUCT_BUNDLE_IDENTIFIER = sunmi.com.GitProjectUITests;
				PRODUCT_NAME = "$(TARGET_NAME)";
				TARGETED_DEVICE_FAMILY = "1,2";
				TEST_TARGET_NAME = GitProject;
			};
			name = Release;
		};
/* End XCBuildConfiguration section */

/* Begin XCConfigurationList section */
		4D59081722EAABD0006E0657 /* Build configuration list for PBXProject "GitProject" */ = {
			isa = XCConfigurationList;
			buildConfigurations = (
				4D59084622EAABD0006E0657 /* Debug */,
				4D59084722EAABD0006E0657 /* Release */,
			);
			defaultConfigurationIsVisible = 0;
			defaultConfigurationName = Release;
		};
		4D59084822EAABD0006E0657 /* Build configuration list for PBXNativeTarget "GitProject" */ = {
			isa = XCConfigurationList;
			buildConfigurations = (
				4D59084922EAABD0006E0657 /* Debug */,
				4D59084A22EAABD0006E0657 /* Release */,
			);
			defaultConfigurationIsVisible = 0;
			defaultConfigurationName = Release;
		};
		4D59084B22EAABD0006E0657 /* Build configuration list for PBXNativeTarget "GitProjectTests" */ = {
			isa = XCConfigurationList;
			buildConfigurations = (
				4D59084C22EAABD0006E0657 /* Debug */,
				4D59084D22EAABD0006E0657 /* Release */,
			);
			defaultConfigurationIsVisible = 0;
			defaultConfigurationName = Release;
		};
		4D59084E22EAABD0006E0657 /* Build configuration list for PBXNativeTarget "GitProjectUITests" */ = {
			isa = XCConfigurationList;
			buildConfigurations = (
				4D59084F22EAABD0006E0657 /* Debug */,
				4D59085022EAABD0006E0657 /* Release */,
			);
			defaultConfigurationIsVisible = 0;
			defaultConfigurationName = Release;
		};
/* End XCConfigurationList section */
	};
	rootObject = 4D59081422EAABD0006E0657 /* Project object */;
}
